
Microsoft Visual Studio Solution File, Format Version 12.00
# Visual Studio Version 16
VisualStudioVersion = 16.0.33328.57
MinimumVisualStudioVersion = 10.0.40219.1
Project("{FAE04EC0-301F-11D3-BF4B-00C04F79EFBC}") = "WpfAppListUsers", "WpfAppListUsers.csproj", "{2AA6B456-FAB2-44D7-95D4-9D06F293B2D4}"
EndProject
Global
	GlobalSection(SolutionConfigurationPlatforms) = preSolution
		Debug|Any CPU = Debug|Any CPU
		Release|Any CPU = Release|Any CPU
	EndGlobalSection
	GlobalSection(ProjectConfigurationPlatforms) = postSolution
		{2AA6B456-FAB2-44D7-95D4-9D06F293B2D4}.Debug|Any CPU.ActiveCfg = Debug|Any CPU
		{2AA6B456-FAB2-44D7-95D4-9D06F293B2D4}.Debug|Any CPU.Build.0 = Debug|Any CPU
		{2AA6B456-FAB2-44D7-95D4-9D06F293B2D4}.Release|Any CPU.ActiveCfg = Release|Any CPU
		{2AA6B456-FAB2-44D7-95D4-9D06F293B2D4}.Release|Any CPU.Build.0 = Release|Any CPU
	EndGlobalSection
	GlobalSection(SolutionProperties) = preSolution
		HideSolutionNode = FALSE
	EndGlobalSection
	GlobalSection(ExtensibilityGlobals) = postSolution
		SolutionGuid = {5387BE37-1B33-4C9E-8331-FB8F3E359730}
	EndGlobalSection
EndGlobal
